<?xml version="1.0" encoding="utf-8"?>
<Project ToolsVersion="15.0" xmlns="http://schemas.microsoft.com/developer/msbuild/2003">
  <ItemGroup>
    <Filter Include="Resources">
      <UniqueIdentifier>accd3aa8-1ba0-4223-9bbe-0c431709210b</UniqueIdentifier>
      <Extensions>rc;ico;cur;bmp;dlg;rc2;rct;bin;rgs;gif;jpg;jpeg;jpe;resx;tga;tiff;tif;png;wav;mfcribbon-ms</Extensions>
    </Filter>
    <Filter Include="Generated Files">
      <UniqueIdentifier>{926ab91d-31b4-48c3-b9a4-e681349f27f0}</UniqueIdentifier>
    </Filter>
  </ItemGroup>
  <ItemGroup>
    <ClCompile Include="pch.cpp" />
    <ClCompile Include="$(GeneratedFilesDir)module.g.cpp" />
    <ClCompile Include="bitboard.cpp" />
    <ClCompile Include="Engine.cpp" />
    <ClCompile Include="helper.cpp" />
    <ClCompile Include="KaruahChessEngineClass.cpp" />
    <ClCompile Include="MoveRules.cpp" />
    <ClCompile Include="PiecePattern.cpp" />
    <ClCompile Include="search.cpp" />
    <ClCompile Include="SFbitbase.cpp" />
    <ClCompile Include="SFbitboard.cpp" />
    <ClCompile Include="SFendgame.cpp" />
    <ClCompile Include="SFevaluate.cpp" />
    <ClCompile Include="SFmaterial.cpp" />
    <ClCompile Include="SFmisc.cpp" />
    <ClCompile Include="SFmovegen.cpp" />
    <ClCompile Include="SFmovepick.cpp" />
    <ClCompile Include="SFpawns.cpp" />
    <ClCompile Include="SFposition.cpp" />
    <ClCompile Include="SFpsqt.cpp" />
    <ClCompile Include="SFsearch.cpp" />
    <ClCompile Include="SFthread.cpp" />
    <ClCompile Include="SFtimeman.cpp" />
    <ClCompile Include="SFtt.cpp" />
    <ClCompile Include="SFuci.cpp" />
    <ClCompile Include="SFucioption.cpp" />
  </ItemGroup>
  <ItemGroup>
    <ClInclude Include="pch.h" />
    <ClInclude Include="bitboard.h" />
    <ClInclude Include="engine.h" />
    <ClInclude Include="helper.h" />
    <ClInclude Include="KaruahChessEngineClass.h" />
    <ClInclude Include="MoveRules.h" />
    <ClInclude Include="PiecePattern.h" />
    <ClInclude Include="search.h" />
    <ClInclude Include="SFbitboard.h" />
    <ClInclude Include="SFendgame.h" />
    <ClInclude Include="SFevaluate.h" />
    <ClInclude Include="SFmaterial.h" />
    <ClInclude Include="SFmisc.h" />
    <ClInclude Include="SFmovegen.h" />
    <ClInclude Include="SFmovepick.h" />
    <ClInclude Include="SFpawns.h" />
    <ClInclude Include="SFposition.h" />
    <ClInclude Include="SFpsqt.h" />
    <ClInclude Include="SFsearch.h" />
    <ClInclude Include="SFthread.h" />
    <ClInclude Include="SFtimeman.h" />
    <ClInclude Include="SFtt.h" />
    <ClInclude Include="SFtypes.h" />
    <ClInclude Include="SFuci.h" />
  </ItemGroup>
  <ItemGroup>
    <Midl Include="KaruahChessEngineClass.idl" />
  </ItemGroup>
  <ItemGroup>
    <None Include="KaruahChessEngine.def" />
    <None Include="packages.config" />
    <None Include="PropertySheet.props" />
  </ItemGroup>
  <ItemGroup>
    <Natvis Include="$(MSBuildThisFileDirectory)..\..\natvis\wil.natvis" />
  </ItemGroup>
</Project>